<?xml version="1.0" encoding="utf-8"?>
<Project ToolsVersion="4.0" xmlns="http://schemas.microsoft.com/developer/msbuild/2003">
  <ItemGroup>
    <Filter Include="Source Files">
      <UniqueIdentifier>{4FC737F1-C7A5-4376-A066-2A32D752A2FF}</UniqueIdentifier>
      <Extensions>cpp;c;cc;cxx;def;odl;idl;hpj;bat;asm;asmx</Extensions>
    </Filter>
    <Filter Include="Header Files">
      <UniqueIdentifier>{93995380-89BD-4b04-88EB-625FBE52EBFB}</UniqueIdentifier>
      <Extensions>h;hh;hpp;hxx;hm;inl;inc;xsd</Extensions>
    </Filter>
    <Filter Include="Resource Files">
      <UniqueIdentifier>{67DA6AB6-F800-4c08-8B7A-83BB121AAD01}</UniqueIdentifier>
      <Extensions>rc;ico;cur;bmp;dlg;rc2;rct;bin;rgs;gif;jpg;jpeg;jpe;resx;tiff;tif;png;wav;mfcribbon-ms</Extensions>
    </Filter>
    <Filter Include="Header Files\ext">
      <UniqueIdentifier>{b419f951-4b8d-4d82-8957-78e2189524d9}</UniqueIdentifier>
    </Filter>
    <Filter Include="Source Files\ext">
      <UniqueIdentifier>{16879cff-0970-4165-b538-03b9084baacc}</UniqueIdentifier>
    </Filter>
  </ItemGroup>
  <ItemGroup>
    <ClCompile Include="..\..\src\common\die.c">
      <Filter>Source Files</Filter>
    </ClCompile>
    <ClCompile Include="..\..\src\common\objfile.c">
      <Filter>Source Files</Filter>
    </ClCompile>
    <ClCompile Include="..\..\src\common\optparse.c">
      <Filter>Source Files</Filter>
    </ClCompile>
    <ClCompile Include="..\..\src\common\strutil.c">
      <Filter>Source Files</Filter>
    </ClCompile>
    <ClCompile Include="..\..\src\common\t\t_strutil.c">
      <Filter>Source Files</Filter>
    </ClCompile>
    <ClCompile Include="..\..\src\common\t\test.c">
      <Filter>Source Files</Filter>
    </ClCompile>
    <ClCompile Include="..\..\ext\Unity\src\unity.c">
      <Filter>Source Files\ext</Filter>
    </ClCompile>
    <ClCompile Include="..\..\ext\regex\regcomp.c">
      <Filter>Source Files\ext</Filter>
    </ClCompile>
    <ClCompile Include="..\..\ext\regex\regerror.c">
      <Filter>Source Files\ext</Filter>
    </ClCompile>
    <ClCompile Include="..\..\ext\regex\regexec.c">
      <Filter>Source Files\ext</Filter>
    </ClCompile>
    <ClCompile Include="..\..\ext\regex\regfree.c">
      <Filter>Source Files\ext</Filter>
    </ClCompile>
    <ClCompile Include="..\..\src\common\fileutil.c">
      <Filter>Source Files</Filter>
    </ClCompile>
    <ClCompile Include="..\..\src\common\t\t_fileutil.c">
      <Filter>Source Files</Filter>
    </ClCompile>
    <ClCompile Include="..\..\src\common\t\t_types.c">
      <Filter>Source Files</Filter>
    </ClCompile>
    <ClCompile Include="..\..\src\common\t\t_die.c">
      <Filter>Source Files</Filter>
    </ClCompile>
  </ItemGroup>
  <ItemGroup>
    <ClInclude Include="..\..\src\common\die.h">
      <Filter>Header Files</Filter>
    </ClInclude>
    <ClInclude Include="..\..\src\common\objfile.h">
      <Filter>Header Files</Filter>
    </ClInclude>
    <ClInclude Include="..\..\src\common\strutil.h">
      <Filter>Header Files</Filter>
    </ClInclude>
    <ClInclude Include="..\..\ext\Unity\src\unity.h">
      <Filter>Header Files\ext</Filter>
    </ClInclude>
    <ClInclude Include="..\..\ext\Unity\src\unity_internals.h">
      <Filter>Header Files\ext</Filter>
    </ClInclude>
    <ClInclude Include="..\..\ext\optparse\optparse.h">
      <Filter>Header Files\ext</Filter>
    </ClInclude>
    <ClInclude Include="..\..\ext\regex\regex.h">
      <Filter>Header Files\ext</Filter>
    </ClInclude>
    <ClInclude Include="..\..\src\common\fileutil.h">
      <Filter>Header Files</Filter>
    </ClInclude>
    <ClInclude Include="..\..\src\common\types.h">
      <Filter>Header Files</Filter>
    </ClInclude>
    <ClInclude Include="..\..\src\common\t\test1.hh">
      <Filter>Header Files</Filter>
    </ClInclude>
    <ClInclude Include="..\..\src\common\t\test2.hh">
      <Filter>Header Files</Filter>
    </ClInclude>
  </ItemGroup>
</Project>